
Microsoft Visual Studio Solution File, Format Version 12.00
# Visual Studio 15
VisualStudioVersion = 15.0.28307.136
MinimumVisualStudioVersion = 10.0.40219.1
Project("{FAE04EC0-301F-11D3-BF4B-00C04F79EFBC}") = "DubleLinner", "DubleLinner\DubleLinner.csproj", "{734B36B6-C168-4D72-807A-2492DB0D04F4}"
EndProject
Global
	GlobalSection(SolutionConfigurationPlatforms) = preSolution
		Debug|Any CPU = Debug|Any CPU
		Release|Any CPU = Release|Any CPU
	EndGlobalSection
	GlobalSection(ProjectConfigurationPlatforms) = postSolution
		{734B36B6-C168-4D72-807A-2492DB0D04F4}.Debug|Any CPU.ActiveCfg = Debug|Any CPU
		{734B36B6-C168-4D72-807A-2492DB0D04F4}.Debug|Any CPU.Build.0 = Debug|Any CPU
		{734B36B6-C168-4D72-807A-2492DB0D04F4}.Release|Any CPU.ActiveCfg = Release|Any CPU
		{734B36B6-C168-4D72-807A-2492DB0D04F4}.Release|Any CPU.Build.0 = Release|Any CPU
	EndGlobalSection
	GlobalSection(SolutionProperties) = preSolution
		HideSolutionNode = FALSE
	EndGlobalSection
	GlobalSection(ExtensibilityGlobals) = postSolution
		SolutionGuid = {AAF56961-E0C8-4EA5-9CF0-D609052C7AC1}
	EndGlobalSection
EndGlobal
